
Microsoft Visual Studio Solution File, Format Version 12.00
# Visual Studio Version 17
VisualStudioVersion = 17.0.31903.59
MinimumVisualStudioVersion = 10.0.40219.1
Project("{FAE04EC0-301F-11D3-BF4B-00C04F79EFBC}") = "PressBoxApi", "PressBoxApi\PressBoxApi.csproj", "{26CEBD2E-F242-4728-A807-704BE3A66A64}"
EndProject
Project("{2150E333-8FDC-42A3-9474-1A3956D46DE8}") = "Solution Items", "Solution Items", "{24D60073-0A21-4249-91BA-CC1F7E447C8B}"
	ProjectSection(SolutionItems) = preProject
		docker-compose.yml = docker-compose.yml
	EndProjectSection
EndProject
Project("{FAE04EC0-301F-11D3-BF4B-00C04F79EFBC}") = "PressBox.Tests", "PressBox.Tests\PressBox.Tests.csproj", "{80B9F5B2-491C-49EE-B340-7C70253A7246}"
EndProject
Global
	GlobalSection(SolutionConfigurationPlatforms) = preSolution
		Debug|Any CPU = Debug|Any CPU
		Release|Any CPU = Release|Any CPU
	EndGlobalSection
	GlobalSection(SolutionProperties) = preSolution
		HideSolutionNode = FALSE
	EndGlobalSection
	GlobalSection(ProjectConfigurationPlatforms) = postSolution
		{26CEBD2E-F242-4728-A807-704BE3A66A64}.Debug|Any CPU.ActiveCfg = Debug|Any CPU
		{26CEBD2E-F242-4728-A807-704BE3A66A64}.Debug|Any CPU.Build.0 = Debug|Any CPU
		{26CEBD2E-F242-4728-A807-704BE3A66A64}.Release|Any CPU.ActiveCfg = Release|Any CPU
		{26CEBD2E-F242-4728-A807-704BE3A66A64}.Release|Any CPU.Build.0 = Release|Any CPU
		{80B9F5B2-491C-49EE-B340-7C70253A7246}.Debug|Any CPU.ActiveCfg = Debug|Any CPU
		{80B9F5B2-491C-49EE-B340-7C70253A7246}.Debug|Any CPU.Build.0 = Debug|Any CPU
		{80B9F5B2-491C-49EE-B340-7C70253A7246}.Release|Any CPU.ActiveCfg = Release|Any CPU
		{80B9F5B2-491C-49EE-B340-7C70253A7246}.Release|Any CPU.Build.0 = Release|Any CPU
	EndGlobalSection
EndGlobal
